// !$*UTF8*$!
{
	archiveVersion = 1;
	classes = {
	};
	objectVersion = 46;
	objects = {

/* Begin PBXBuildFile section */
		1511CA791BE79E2400DC97AD /* AppDelegate.swift in Sources */ = {isa = PBXBuildFile; fileRef = 1511CA781BE79E2400DC97AD /* AppDelegate.swift */; };
		1511CA7B1BE79E2400DC97AD /* ViewController.swift in Sources */ = {isa = PBXBuildFile; fileRef = 1511CA7A1BE79E2400DC97AD /* ViewController.swift */; };
		1511CA7E1BE79E2400DC97AD /* Main.storyboard in Resources */ = {isa = PBXBuildFile; fileRef = 1511CA7C1BE79E2400DC97AD /* Main.storyboard */; };
		1511CA801BE79E2400DC97AD /* Assets.xcassets in Resources */ = {isa = PBXBuildFile; fileRef = 1511CA7F1BE79E2400DC97AD /* Assets.xcassets */; };
		1511CA831BE79E2400DC97AD /* LaunchScreen.storyboard in Resources */ = {isa = PBXBuildFile; fileRef = 1511CA811BE79E2400DC97AD /* LaunchScreen.storyboard */; };
/* End PBXBuildFile section */

/* Begin PBXFileReference section */
		1511CA751BE79E2400DC97AD /* LoginFacebook.app */ = {isa = PBXFileReference; explicitFileType = wrapper.application; includeInIndex = 0; path = LoginFacebook.app; sourceTree = BUILT_PRODUCTS_DIR; };
		1511CA781BE79E2400DC97AD /* AppDelegate.swift */ = {isa = PBXFileReference; lastKnownFileType = sourcecode.swift; path = AppDelegate.swift; sourceTree = "<group>"; };
		1511CA7A1BE79E2400DC97AD /* ViewController.swift */ = {isa = PBXFileReference; lastKnownFileType = sourcecode.swift; path = ViewController.swift; sourceTree = "<group>"; };
		1511CA7D1BE79E2400DC97AD /* Base */ = {isa = PBXFileReference; lastKnownFileType = file.storyboard; name = Base; path = Base.lproj/Main.storyboard; sourceTree = "<group>"; };
		1511CA7F1BE79E2400DC97AD /* Assets.xcassets */ = {isa = PBXFileReference; lastKnownFileType = folder.assetcatalog; path = Assets.xcassets; sourceTree = "<group>"; };
		1511CA821BE79E2400DC97AD /* Base */ = {isa = PBXFileReference; lastKnownFileType = file.storyboard; name = Base; path = Base.lproj/LaunchScreen.storyboard; sourceTree = "<group>"; };
		1511CA841BE79E2400DC97AD /* Info.plist */ = {isa = PBXFileReference; lastKnownFileType = text.plist.xml; path = Info.plist; sourceTree = "<group>"; };
/* End PBXFileReference section */

/* Begin PBXFrameworksBuildPhase section */
		1511CA721BE79E2400DC97AD /* Frameworks */ = {
			isa = PBXFrameworksBuildPhase;
			buildActionMask = 2147483647;
			files = (
			);
			runOnlyForDeploymentPostprocessing = 0;
		};
/* End PBXFrameworksBuildPhase section */

/* Begin PBXGroup section */
		1511CA6C1BE79E2400DC97AD = {
			isa = PBXGroup;
			children = (
				1511CA771BE79E2400DC97AD /* LoginFacebook */,
				1511CA761BE79E2400DC97AD /* Products */,
			);
			sourceTree = "<group>";
		};
		1511CA761BE79E2400DC97AD /* Products */ = {
			isa = PBXGroup;
			children = (
				1511CA751BE79E2400DC97AD /* LoginFacebook.app */,
			);
			name = Products;
			sourceTree = "<group>";
		};
		1511CA771BE79E2400DC97AD /* LoginFacebook */ = {
			isa = PBXGroup;
			children = (
				1511CA781BE79E2400DC97AD /* AppDelegate.swift */,
				1511CA7A1BE79E2400DC97AD /* ViewController.swift */,
				1511CA7C1BE79E2400DC97AD /* Main.storyboard */,
				1511CA7F1BE79E2400DC97AD /* Assets.xcassets */,
				1511CA811BE79E2400DC97AD /* LaunchScreen.storyboard */,
				1511CA841BE79E2400DC97AD /* Info.plist */,
			);
			path = LoginFacebook;
			sourceTree = "<group>";
		};
/* End PBXGroup section */

/* Begin PBXNativeTarget section */
		1511CA741BE79E2400DC97AD /* LoginFacebook */ = {
			isa = PBXNativeTarget;
			buildConfigurationList = 1511CA871BE79E2400DC97AD /* Build configuration list for PBXNativeTarget "LoginFacebook" */;
			buildPhases = (
				1511CA711BE79E2400DC97AD /* Sources */,
				1511CA721BE79E2400DC97AD /* Frameworks */,
				1511CA731BE79E2400DC97AD /* Resources */,
			);
			buildRules = (
			);
			dependencies = (
			);
			name = LoginFacebook;
			productName = LoginFacebook;
			productReference = 1511CA751BE79E2400DC97AD /* LoginFacebook.app */;
			productType = "com.apple.product-type.application";
		};
/* End PBXNativeTarget section */

/* Begin PBXProject section */
		1511CA6D1BE79E2400DC97AD /* Project object */ = {
			isa = PBXProject;
			attributes = {
				LastSwiftUpdateCheck = 0710;
				LastUpgradeCheck = 0710;
				ORGANIZATIONNAME = isgustavo;
				TargetAttributes = {
					1511CA741BE79E2400DC97AD = {
						CreatedOnToolsVersion = 7.1;
					};
				};
			};
			buildConfigurationList = 1511CA701BE79E2400DC97AD /* Build configuration list for PBXProject "LoginFacebook" */;
			compatibilityVersion = "Xcode 3.2";
			developmentRegion = English;
			hasScannedForEncodings = 0;
			knownRegions = (
				en,
				Base,
			);
			mainGroup = 1511CA6C1BE79E2400DC97AD;
			productRefGroup = 1511CA761BE79E2400DC97AD /* Products */;
			projectDirPath = "";
			projectRoot = "";
			targets = (
				1511CA741BE79E2400DC97AD /* LoginFacebook */,
			);
		};
/* End PBXProject section */

/* Begin PBXResourcesBuildPhase section */
		1511CA731BE79E2400DC97AD /* Resources */ = {
			isa = PBXResourcesBuildPhase;
			buildActionMask = 2147483647;
			files = (
				1511CA831BE79E2400DC97AD /* LaunchScreen.storyboard in Resources */,
				1511CA801BE79E2400DC97AD /* Assets.xcassets in Resources */,
				1511CA7E1BE79E2400DC97AD /* Main.storyboard in Resources */,
			);
			runOnlyForDeploymentPostprocessing = 0;
		};
/* End PBXResourcesBuildPhase section */

/* Begin PBXSourcesBuildPhase section */
		1511CA711BE79E2400DC97AD /* Sources */ = {
			isa = PBXSourcesBuildPhase;
			buildActionMask = 2147483647;
			files = (
				1511CA7B1BE79E2400DC97AD /* ViewController.swift in Sources */,
				1511CA791BE79E2400DC97AD /* AppDelegate.swift in Sources */,
			);
			runOnlyForDeploymentPostprocessing = 0;
		};
/* End PBXSourcesBuildPhase section */

/* Begin PBXVariantGroup section */
		1511CA7C1BE79E2400DC97AD /* Main.storyboard */ = {
			isa = PBXVariantGroup;
			children = (
				1511CA7D1BE79E2400DC97AD /* Base */,
			);
			name = Main.storyboard;
			sourceTree = "<group>";
		};
		1511CA811BE79E2400DC97AD /* LaunchScreen.storyboard */ = {
			isa = PBXVariantGroup;
			children = (
				1511CA821BE79E2400DC97AD /* Base */,
			);
			name = LaunchScreen.storyboard;
			sourceTree = "<group>";
		};
/* End PBXVariantGroup section */

/* Begin XCBuildConfiguration section */
		1511CA851BE79E2400DC97AD /* Debug */ = {
			isa = XCBuildConfiguration;
			buildSettings = {
				ALWAYS_SEARCH_USER_PATHS = NO;
				CLANG_CXX_LANGUAGE_STANDARD = "gnu++0x";
				CLANG_CXX_LIBRARY = "libc++";
				CLANG_ENABLE_MODULES = YES;
				CLANG_ENABLE_OBJC_ARC = YES;
				CLANG_WARN_BOOL_CONVERSION = YES;
				CLANG_WARN_CONSTANT_CONVERSION = YES;
				CLANG_WARN_DIRECT_OBJC_ISA_USAGE = YES_ERROR;
				CLANG_WARN_EMPTY_BODY = YES;
				CLANG_WARN_ENUM_CONVERSION = YES;
				CLANG_WARN_INT_CONVERSION = YES;
				CLANG_WARN_OBJC_ROOT_CLASS = YES_ERROR;
				CLANG_WARN_UNREACHABLE_CODE = YES;
				CLANG_WARN__DUPLICATE_METHOD_MATCH = YES;
				"CODE_SIGN_IDENTITY[sdk=iphoneos*]" = "iPhone Developer";
				COPY_PHASE_STRIP = NO;
				DEBUG_INFORMATION_FORMAT = dwarf;
				ENABLE_STRICT_OBJC_MSGSEND = YES;
				ENABLE_TESTABILITY = YES;
				GCC_C_LANGUAGE_STANDARD = gnu99;
				GCC_DYNAMIC_NO_PIC = NO;
				GCC_NO_COMMON_BLOCKS = YES;
				GCC_OPTIMIZATION_LEVEL = 0;
				GCC_PREPROCESSOR_DEFINITIONS = (
					"DEBUG=1",
					"$(inherited)",
				);
				GCC_WARN_64_TO_32_BIT_CONVERSION = YES;
				GCC_WARN_ABOUT_RETURN_TYPE = YES_ERROR;
				GCC_WARN_UNDECLARED_SELECTOR = YES;
				GCC_WARN_UNINITIALIZED_AUTOS = YES_AGGRESSIVE;
				GCC_WARN_UNUSED_FUNCTION = YES;
				GCC_WARN_UNUSED_VARIABLE = YES;
				IPHONEOS_DEPLOYMENT_TARGET = 9.1;
				MTL_ENABLE_DEBUG_INFO = YES;
				ONLY_ACTIVE_ARCH = YES;
				SDKROOT = iphoneos;
				SWIFT_OPTIMIZATION_LEVEL = "-Onone";
			};
			name = Debug;
		};
		1511CA861BE79E2400DC97AD /* Release */ = {
			isa = XCBuildConfiguration;
			buildSettings = {
				ALWAYS_SEARCH_USER_PATHS = NO;
				CLANG_CXX_LANGUAGE_STANDARD = "gnu++0x";
				CLANG_CXX_LIBRARY = "libc++";
				CLANG_ENABLE_MODULES = YES;
				CLANG_ENABLE_OBJC_ARC = YES;
				CLANG_WARN_BOOL_CONVERSION = YES;
				CLANG_WARN_CONSTANT_CONVERSION = YES;
				CLANG_WARN_DIRECT_OBJC_ISA_USAGE = YES_ERROR;
				CLANG_WARN_EMPTY_BODY = YES;
				CLANG_WARN_ENUM_CONVERSION = YES;
				CLANG_WARN_INT_CONVERSION = YES;
				CLANG_WARN_OBJC_ROOT_CLASS = YES_ERROR;
				CLANG_WARN_UNREACHABLE_CODE = YES;
				CLANG_WARN__DUPLICATE_METHOD_MATCH = YES;
				"CODE_SIGN_IDENTITY[sdk=iphoneos*]" = "iPhone Developer";
				COPY_PHASE_STRIP = NO;
				DEBUG_INFORMATION_FORMAT = "dwarf-with-dsym";
				ENABLE_NS_ASSERTIONS = NO;
				ENABLE_STRICT_OBJC_MSGSEND = YES;
				GCC_C_LANGUAGE_STANDARD = gnu99;
				GCC_NO_COMMON_BLOCKS = YES;
				GCC_WARN_64_TO_32_BIT_CONVERSION = YES;
				GCC_WARN_ABOUT_RETURN_TYPE = YES_ERROR;
				GCC_WARN_UNDECLARED_SELECTOR = YES;
				GCC_WARN_UNINITIALIZED_AUTOS = YES_AGGRESSIVE;
				GCC_WARN_UNUSED_FUNCTION = YES;
				GCC_WARN_UNUSED_VARIABLE = YES;
				IPHONEOS_DEPLOYMENT_TARGET = 9.1;
				MTL_ENABLE_DEBUG_INFO = NO;
				SDKROOT = iphoneos;
				VALIDATE_PRODUCT = YES;
			};
			name = Release;
		};
		1511CA881BE79E2400DC97AD /* Debug */ = {
			isa = XCBuildConfiguration;
			buildSettings = {
				ASSETCATALOG_COMPILER_APPICON_NAME = AppIcon;
				INFOPLIST_FILE = LoginFacebook/Info.plist;
				LD_RUNPATH_SEARCH_PATHS = "$(inherited) @executable_path/Frameworks";
				PRODUCT_BUNDLE_IDENTIFIER = com.LoginFacebook;
				PRODUCT_NAME = "$(TARGET_NAME)";
			};
			name = Debug;
		};
		1511CA891BE79E2400DC97AD /* Release */ = {
			isa = XCBuildConfiguration;
			buildSettings = {
				ASSETCATALOG_COMPILER_APPICON_NAME = AppIcon;
				INFOPLIST_FILE = LoginFacebook/Info.plist;
				LD_RUNPATH_SEARCH_PATHS = "$(inherited) @executable_path/Frameworks";
				PRODUCT_BUNDLE_IDENTIFIER = com.LoginFacebook;
				PRODUCT_NAME = "$(TARGET_NAME)";
			};
			name = Release;
		};
/* End XCBuildConfiguration section */

/* Begin XCConfigurationList section */
		1511CA701BE79E2400DC97AD /* Build configuration list for PBXProject "LoginFacebook" */ = {
			isa = XCConfigurationList;
			buildConfigurations = (
				1511CA851BE79E2400DC97AD /* Debug */,
				1511CA861BE79E2400DC97AD /* Release */,
			);
			defaultConfigurationIsVisible = 0;
			defaultConfigurationName = Release;
		};
		1511CA871BE79E2400DC97AD /* Build configuration list for PBXNativeTarget "LoginFacebook" */ = {
			isa = XCConfigurationList;
			buildConfigurations = (
				1511CA881BE79E2400DC97AD /* Debug */,
				1511CA891BE79E2400DC97AD /* Release */,
			);
			defaultConfigurationIsVisible = 0;
		};
/* End XCConfigurationList section */
	};
	rootObject = 1511CA6D1BE79E2400DC97AD /* Project object */;
}
